github.com/google/go-cmp v0.6.0 h1:ofyhxvXcZhMsU5ulbFiLKl/XBFqE1GSq7atu8tAmTRI=
github.com/google/go-cmp v0.6.0/go.mod h1:17dUlkBOakJ0+DkrSSNjCkIjxS6bF9zb3elmeNGIjoY=
github.com/wenooij/bufiog v0.0.0-20231002012054-9aaa03828ee8 h1:MeS9q54+B3+rIE548L7sPXwQ2LCNwHR0Cc0Q/FruSOE=
github.com/wenooij/bufiog v0.0.0-20231002012054-9aaa03828ee8/go.mod h1:6sJfnIG4+ul/JlriYvy5glmwAu9ajyfk8sgMdS6EhoM=
github.com/wenooij/bufiog v0.0.0-20231103025946-eba4b14849ec h1:TH96GGSGEpD+iEeVnolpyyA9LT3RHwHtf/0H1Q8AdcQ=
github.com/wenooij/bufiog v0.0.0-20231103025946-eba4b14849ec/go.mod h1:6sJfnIG4+ul/JlriYvy5glmwAu9ajyfk8sgMdS6EhoM=
